
Microsoft Visual Studio Solution File, Format Version 12.00
# Visual Studio Version 16
VisualStudioVersion = 16.0.31025.194
MinimumVisualStudioVersion = 10.0.40219.1
Project("{FAE04EC0-301F-11D3-BF4B-00C04F79EFBC}") = "CoreAndFood", "CoreAndFood\CoreAndFood.csproj", "{1D017875-E947-429E-8043-F5A989E7BCD2}"
EndProject
Global
	GlobalSection(SolutionConfigurationPlatforms) = preSolution
		Debug|Any CPU = Debug|Any CPU
		Release|Any CPU = Release|Any CPU
	EndGlobalSection
	GlobalSection(ProjectConfigurationPlatforms) = postSolution
		{1D017875-E947-429E-8043-F5A989E7BCD2}.Debug|Any CPU.ActiveCfg = Debug|Any CPU
		{1D017875-E947-429E-8043-F5A989E7BCD2}.Debug|Any CPU.Build.0 = Debug|Any CPU
		{1D017875-E947-429E-8043-F5A989E7BCD2}.Release|Any CPU.ActiveCfg = Release|Any CPU
		{1D017875-E947-429E-8043-F5A989E7BCD2}.Release|Any CPU.Build.0 = Release|Any CPU
	EndGlobalSection
	GlobalSection(SolutionProperties) = preSolution
		HideSolutionNode = FALSE
	EndGlobalSection
	GlobalSection(ExtensibilityGlobals) = postSolution
		SolutionGuid = {B3C54B05-2820-4B5A-BF3D-84052E1C9182}
	EndGlobalSection
EndGlobal
